
Microsoft Visual Studio Solution File, Format Version 12.00
# Visual Studio Version 17
VisualStudioVersion = 17.7.34221.43
MinimumVisualStudioVersion = 10.0.40219.1
Project("{FAE04EC0-301F-11D3-BF4B-00C04F79EFBC}") = "Polymorphism", "Polymorphism.csproj", "{6EA26982-584A-4BE5-B4D9-E5C66EFC2EAC}"
EndProject
Global
	GlobalSection(SolutionConfigurationPlatforms) = preSolution
		Debug|Any CPU = Debug|Any CPU
		Release|Any CPU = Release|Any CPU
	EndGlobalSection
	GlobalSection(ProjectConfigurationPlatforms) = postSolution
		{6EA26982-584A-4BE5-B4D9-E5C66EFC2EAC}.Debug|Any CPU.ActiveCfg = Debug|Any CPU
		{6EA26982-584A-4BE5-B4D9-E5C66EFC2EAC}.Debug|Any CPU.Build.0 = Debug|Any CPU
		{6EA26982-584A-4BE5-B4D9-E5C66EFC2EAC}.Release|Any CPU.ActiveCfg = Release|Any CPU
		{6EA26982-584A-4BE5-B4D9-E5C66EFC2EAC}.Release|Any CPU.Build.0 = Release|Any CPU
	EndGlobalSection
	GlobalSection(SolutionProperties) = preSolution
		HideSolutionNode = FALSE
	EndGlobalSection
	GlobalSection(ExtensibilityGlobals) = postSolution
		SolutionGuid = {19E167E4-DB5A-45F7-B5CA-8509ED78D945}
	EndGlobalSection
EndGlobal
